// !$*UTF8*$!
{
	archiveVersion = 1;
	classes = {
	};
	objectVersion = 46;
	objects = {

/* Begin PBXBuildFile section */
		842D6C8B19B18478008CFCFD /* AppDelegate.swift in Sources */ = {isa = PBXBuildFile; fileRef = 842D6C8A19B18478008CFCFD /* AppDelegate.swift */; };
		842D6C8D19B18478008CFCFD /* FirstViewController.swift in Sources */ = {isa = PBXBuildFile; fileRef = 842D6C8C19B18478008CFCFD /* FirstViewController.swift */; };
		842D6C8F19B18478008CFCFD /* SecondViewController.swift in Sources */ = {isa = PBXBuildFile; fileRef = 842D6C8E19B18478008CFCFD /* SecondViewController.swift */; };
		842D6C9219B18478008CFCFD /* Main.storyboard in Resources */ = {isa = PBXBuildFile; fileRef = 842D6C9019B18478008CFCFD /* Main.storyboard */; };
		842D6C9419B18478008CFCFD /* Images.xcassets in Resources */ = {isa = PBXBuildFile; fileRef = 842D6C9319B18478008CFCFD /* Images.xcassets */; };
		842D6CA019B18479008CFCFD /* IncredibandTests.swift in Sources */ = {isa = PBXBuildFile; fileRef = 842D6C9F19B18479008CFCFD /* IncredibandTests.swift */; };
		8460516119B18E550040F518 /* ThirdViewController.swift in Sources */ = {isa = PBXBuildFile; fileRef = 8460516019B18E550040F518 /* ThirdViewController.swift */; };
		8460516C19B4B2500040F518 /* AudioToolbox.framework in Frameworks */ = {isa = PBXBuildFile; fileRef = 8460516219B4B2500040F518 /* AudioToolbox.framework */; };
		8460516D19B4B2500040F518 /* CFNetwork.framework in Frameworks */ = {isa = PBXBuildFile; fileRef = 8460516319B4B2500040F518 /* CFNetwork.framework */; };
		8460516E19B4B2500040F518 /* CoreGraphics.framework in Frameworks */ = {isa = PBXBuildFile; fileRef = 8460516419B4B2500040F518 /* CoreGraphics.framework */; };
		8460516F19B4B2500040F518 /* CoreLocation.framework in Frameworks */ = {isa = PBXBuildFile; fileRef = 8460516519B4B2500040F518 /* CoreLocation.framework */; };
		8460517019B4B2500040F518 /* libz.dylib in Frameworks */ = {isa = PBXBuildFile; fileRef = 8460516619B4B2500040F518 /* libz.dylib */; };
		8460517119B4B2500040F518 /* MobileCoreServices.framework in Frameworks */ = {isa = PBXBuildFile; fileRef = 8460516719B4B2500040F518 /* MobileCoreServices.framework */; };
		8460517219B4B2500040F518 /* QuartzCore.framework in Frameworks */ = {isa = PBXBuildFile; fileRef = 8460516819B4B2500040F518 /* QuartzCore.framework */; };
		8460517319B4B2500040F518 /* Security.framework in Frameworks */ = {isa = PBXBuildFile; fileRef = 8460516919B4B2500040F518 /* Security.framework */; };
		8460517419B4B2500040F518 /* StoreKit.framework in Frameworks */ = {isa = PBXBuildFile; fileRef = 8460516A19B4B2500040F518 /* StoreKit.framework */; };
		8460517519B4B2500040F518 /* SystemConfiguration.framework in Frameworks */ = {isa = PBXBuildFile; fileRef = 8460516B19B4B2500040F518 /* SystemConfiguration.framework */; };
		8460517719B4B2870040F518 /* Parse.framework in Frameworks */ = {isa = PBXBuildFile; fileRef = 8460517619B4B2870040F518 /* Parse.framework */; };
		8460517919B4B28B0040F518 /* ParseFacebookUtils.framework in Frameworks */ = {isa = PBXBuildFile; fileRef = 8460517819B4B28B0040F518 /* ParseFacebookUtils.framework */; };
		8460517B19B4B2900040F518 /* Bolts.framework in Frameworks */ = {isa = PBXBuildFile; fileRef = 8460517A19B4B2900040F518 /* Bolts.framework */; };
		8460518019B4BE550040F518 /* FacebookSDK.framework in Frameworks */ = {isa = PBXBuildFile; fileRef = 8460517F19B4BE550040F518 /* FacebookSDK.framework */; };
		8460518219B4BFDF0040F518 /* IncredibandModel.swift in Sources */ = {isa = PBXBuildFile; fileRef = 8460518119B4BFDF0040F518 /* IncredibandModel.swift */; };
		8460518419B4C7F20040F518 /* WelcomeFBViewController.swift in Sources */ = {isa = PBXBuildFile; fileRef = 8460518319B4C7F20040F518 /* WelcomeFBViewController.swift */; };
		84CA2DB319B6A6E000777BEA /* WhatInstrumentViewController.swift in Sources */ = {isa = PBXBuildFile; fileRef = 84CA2DB219B6A6E000777BEA /* WhatInstrumentViewController.swift */; };
/* End PBXBuildFile section */

/* Begin PBXContainerItemProxy section */
		842D6C9A19B18478008CFCFD /* PBXContainerItemProxy */ = {
			isa = PBXContainerItemProxy;
			containerPortal = 842D6C7D19B18478008CFCFD /* Project object */;
			proxyType = 1;
			remoteGlobalIDString = 842D6C8419B18478008CFCFD;
			remoteInfo = Incrediband;
		};
/* End PBXContainerItemProxy section */

/* Begin PBXFileReference section */
		842D6C8519B18478008CFCFD /* Incrediband.app */ = {isa = PBXFileReference; explicitFileType = wrapper.application; includeInIndex = 0; path = Incrediband.app; sourceTree = BUILT_PRODUCTS_DIR; };
		842D6C8919B18478008CFCFD /* Info.plist */ = {isa = PBXFileReference; lastKnownFileType = text.plist.xml; path = Info.plist; sourceTree = "<group>"; };
		842D6C8A19B18478008CFCFD /* AppDelegate.swift */ = {isa = PBXFileReference; lastKnownFileType = sourcecode.swift; path = AppDelegate.swift; sourceTree = "<group>"; };
		842D6C8C19B18478008CFCFD /* FirstViewController.swift */ = {isa = PBXFileReference; lastKnownFileType = sourcecode.swift; path = FirstViewController.swift; sourceTree = "<group>"; };
		842D6C8E19B18478008CFCFD /* SecondViewController.swift */ = {isa = PBXFileReference; lastKnownFileType = sourcecode.swift; path = SecondViewController.swift; sourceTree = "<group>"; };
		842D6C9119B18478008CFCFD /* Base */ = {isa = PBXFileReference; lastKnownFileType = file.storyboard; name = Base; path = Base.lproj/Main.storyboard; sourceTree = "<group>"; };
		842D6C9319B18478008CFCFD /* Images.xcassets */ = {isa = PBXFileReference; lastKnownFileType = folder.assetcatalog; path = Images.xcassets; sourceTree = "<group>"; };
		842D6C9919B18478008CFCFD /* IncredibandTests.xctest */ = {isa = PBXFileReference; explicitFileType = wrapper.cfbundle; includeInIndex = 0; path = IncredibandTests.xctest; sourceTree = BUILT_PRODUCTS_DIR; };
		842D6C9E19B18478008CFCFD /* Info.plist */ = {isa = PBXFileReference; lastKnownFileType = text.plist.xml; path = Info.plist; sourceTree = "<group>"; };
		842D6C9F19B18479008CFCFD /* IncredibandTests.swift */ = {isa = PBXFileReference; lastKnownFileType = sourcecode.swift; path = IncredibandTests.swift; sourceTree = "<group>"; };
		8460516019B18E550040F518 /* ThirdViewController.swift */ = {isa = PBXFileReference; fileEncoding = 4; lastKnownFileType = sourcecode.swift; path = ThirdViewController.swift; sourceTree = "<group>"; };
		8460516219B4B2500040F518 /* AudioToolbox.framework */ = {isa = PBXFileReference; lastKnownFileType = wrapper.framework; name = AudioToolbox.framework; path = System/Library/Frameworks/AudioToolbox.framework; sourceTree = SDKROOT; };
		8460516319B4B2500040F518 /* CFNetwork.framework */ = {isa = PBXFileReference; lastKnownFileType = wrapper.framework; name = CFNetwork.framework; path = System/Library/Frameworks/CFNetwork.framework; sourceTree = SDKROOT; };
		8460516419B4B2500040F518 /* CoreGraphics.framework */ = {isa = PBXFileReference; lastKnownFileType = wrapper.framework; name = CoreGraphics.framework; path = System/Library/Frameworks/CoreGraphics.framework; sourceTree = SDKROOT; };
		8460516519B4B2500040F518 /* CoreLocation.framework */ = {isa = PBXFileReference; lastKnownFileType = wrapper.framework; name = CoreLocation.framework; path = System/Library/Frameworks/CoreLocation.framework; sourceTree = SDKROOT; };
		8460516619B4B2500040F518 /* libz.dylib */ = {isa = PBXFileReference; lastKnownFileType = "compiled.mach-o.dylib"; name = libz.dylib; path = usr/lib/libz.dylib; sourceTree = SDKROOT; };
		8460516719B4B2500040F518 /* MobileCoreServices.framework */ = {isa = PBXFileReference; lastKnownFileType = wrapper.framework; name = MobileCoreServices.framework; path = System/Library/Frameworks/MobileCoreServices.framework; sourceTree = SDKROOT; };
		8460516819B4B2500040F518 /* QuartzCore.framework */ = {isa = PBXFileReference; lastKnownFileType = wrapper.framework; name = QuartzCore.framework; path = System/Library/Frameworks/QuartzCore.framework; sourceTree = SDKROOT; };
		8460516919B4B2500040F518 /* Security.framework */ = {isa = PBXFileReference; lastKnownFileType = wrapper.framework; name = Security.framework; path = System/Library/Frameworks/Security.framework; sourceTree = SDKROOT; };
		8460516A19B4B2500040F518 /* StoreKit.framework */ = {isa = PBXFileReference; lastKnownFileType = wrapper.framework; name = StoreKit.framework; path = System/Library/Frameworks/StoreKit.framework; sourceTree = SDKROOT; };
		8460516B19B4B2500040F518 /* SystemConfiguration.framework */ = {isa = PBXFileReference; lastKnownFileType = wrapper.framework; name = SystemConfiguration.framework; path = System/Library/Frameworks/SystemConfiguration.framework; sourceTree = SDKROOT; };
		8460517619B4B2870040F518 /* Parse.framework */ = {isa = PBXFileReference; lastKnownFileType = wrapper.framework; name = Parse.framework; path = "../../../Downloads/parse-library-1.2.21/Parse.framework"; sourceTree = "<group>"; };
		8460517819B4B28B0040F518 /* ParseFacebookUtils.framework */ = {isa = PBXFileReference; lastKnownFileType = wrapper.framework; name = ParseFacebookUtils.framework; path = "../../../Downloads/parse-library-1.2.21/ParseFacebookUtils.framework"; sourceTree = "<group>"; };
		8460517A19B4B2900040F518 /* Bolts.framework */ = {isa = PBXFileReference; lastKnownFileType = wrapper.framework; name = Bolts.framework; path = "../../../Downloads/parse-library-1.2.21/Bolts.framework"; sourceTree = "<group>"; };
		8460517C19B4B2C40040F518 /* Incrediband-Bridging-Header.h */ = {isa = PBXFileReference; lastKnownFileType = sourcecode.c.h; path = "Incrediband-Bridging-Header.h"; sourceTree = "<group>"; };
		8460517F19B4BE550040F518 /* FacebookSDK.framework */ = {isa = PBXFileReference; lastKnownFileType = wrapper.framework; name = FacebookSDK.framework; path = ../../../Documents/FacebookSDK/FacebookSDK.framework; sourceTree = "<group>"; };
		8460518119B4BFDF0040F518 /* IncredibandModel.swift */ = {isa = PBXFileReference; fileEncoding = 4; lastKnownFileType = sourcecode.swift; path = IncredibandModel.swift; sourceTree = "<group>"; };
		8460518319B4C7F20040F518 /* WelcomeFBViewController.swift */ = {isa = PBXFileReference; fileEncoding = 4; lastKnownFileType = sourcecode.swift; path = WelcomeFBViewController.swift; sourceTree = "<group>"; };
		84CA2DB219B6A6E000777BEA /* WhatInstrumentViewController.swift */ = {isa = PBXFileReference; fileEncoding = 4; lastKnownFileType = sourcecode.swift; path = WhatInstrumentViewController.swift; sourceTree = "<group>"; };
/* End PBXFileReference section */

/* Begin PBXFrameworksBuildPhase section */
		842D6C8219B18478008CFCFD /* Frameworks */ = {
			isa = PBXFrameworksBuildPhase;
			buildActionMask = 2147483647;
			files = (
				8460516C19B4B2500040F518 /* AudioToolbox.framework in Frameworks */,
				8460517B19B4B2900040F518 /* Bolts.framework in Frameworks */,
				8460516D19B4B2500040F518 /* CFNetwork.framework in Frameworks */,
				8460516E19B4B2500040F518 /* CoreGraphics.framework in Frameworks */,
				8460516F19B4B2500040F518 /* CoreLocation.framework in Frameworks */,
				8460518019B4BE550040F518 /* FacebookSDK.framework in Frameworks */,
				8460517019B4B2500040F518 /* libz.dylib in Frameworks */,
				8460517119B4B2500040F518 /* MobileCoreServices.framework in Frameworks */,
				8460517719B4B2870040F518 /* Parse.framework in Frameworks */,
				8460517919B4B28B0040F518 /* ParseFacebookUtils.framework in Frameworks */,
				8460517219B4B2500040F518 /* QuartzCore.framework in Frameworks */,
				8460517319B4B2500040F518 /* Security.framework in Frameworks */,
				8460517419B4B2500040F518 /* StoreKit.framework in Frameworks */,
				8460517519B4B2500040F518 /* SystemConfiguration.framework in Frameworks */,
			);
			runOnlyForDeploymentPostprocessing = 0;
		};
		842D6C9619B18478008CFCFD /* Frameworks */ = {
			isa = PBXFrameworksBuildPhase;
			buildActionMask = 2147483647;
			files = (
			);
			runOnlyForDeploymentPostprocessing = 0;
		};
/* End PBXFrameworksBuildPhase section */

/* Begin PBXGroup section */
		842D6C7C19B18478008CFCFD = {
			isa = PBXGroup;
			children = (
				8460517F19B4BE550040F518 /* FacebookSDK.framework */,
				8460517A19B4B2900040F518 /* Bolts.framework */,
				8460517819B4B28B0040F518 /* ParseFacebookUtils.framework */,
				8460517619B4B2870040F518 /* Parse.framework */,
				8460516219B4B2500040F518 /* AudioToolbox.framework */,
				8460516319B4B2500040F518 /* CFNetwork.framework */,
				8460516419B4B2500040F518 /* CoreGraphics.framework */,
				8460516519B4B2500040F518 /* CoreLocation.framework */,
				8460516619B4B2500040F518 /* libz.dylib */,
				8460516719B4B2500040F518 /* MobileCoreServices.framework */,
				8460516819B4B2500040F518 /* QuartzCore.framework */,
				8460516919B4B2500040F518 /* Security.framework */,
				8460516A19B4B2500040F518 /* StoreKit.framework */,
				8460516B19B4B2500040F518 /* SystemConfiguration.framework */,
				842D6C8719B18478008CFCFD /* Incrediband */,
				842D6C9C19B18478008CFCFD /* IncredibandTests */,
				842D6C8619B18478008CFCFD /* Products */,
				8460517C19B4B2C40040F518 /* Incrediband-Bridging-Header.h */,
			);
			sourceTree = "<group>";
		};
		842D6C8619B18478008CFCFD /* Products */ = {
			isa = PBXGroup;
			children = (
				842D6C8519B18478008CFCFD /* Incrediband.app */,
				842D6C9919B18478008CFCFD /* IncredibandTests.xctest */,
			);
			name = Products;
			sourceTree = "<group>";
		};
		842D6C8719B18478008CFCFD /* Incrediband */ = {
			isa = PBXGroup;
			children = (
				842D6C8A19B18478008CFCFD /* AppDelegate.swift */,
				842D6C8C19B18478008CFCFD /* FirstViewController.swift */,
				842D6C8E19B18478008CFCFD /* SecondViewController.swift */,
				8460516019B18E550040F518 /* ThirdViewController.swift */,
				842D6C9019B18478008CFCFD /* Main.storyboard */,
				84CA2DB219B6A6E000777BEA /* WhatInstrumentViewController.swift */,
				8460518319B4C7F20040F518 /* WelcomeFBViewController.swift */,
				842D6C9319B18478008CFCFD /* Images.xcassets */,
				842D6C8819B18478008CFCFD /* Supporting Files */,
				8460518119B4BFDF0040F518 /* IncredibandModel.swift */,
			);
			path = Incrediband;
			sourceTree = "<group>";
		};
		842D6C8819B18478008CFCFD /* Supporting Files */ = {
			isa = PBXGroup;
			children = (
				842D6C8919B18478008CFCFD /* Info.plist */,
			);
			name = "Supporting Files";
			sourceTree = "<group>";
		};
		842D6C9C19B18478008CFCFD /* IncredibandTests */ = {
			isa = PBXGroup;
			children = (
				842D6C9F19B18479008CFCFD /* IncredibandTests.swift */,
				842D6C9D19B18478008CFCFD /* Supporting Files */,
			);
			path = IncredibandTests;
			sourceTree = "<group>";
		};
		842D6C9D19B18478008CFCFD /* Supporting Files */ = {
			isa = PBXGroup;
			children = (
				842D6C9E19B18478008CFCFD /* Info.plist */,
			);
			name = "Supporting Files";
			sourceTree = "<group>";
		};
/* End PBXGroup section */

/* Begin PBXNativeTarget section */
		842D6C8419B18478008CFCFD /* Incrediband */ = {
			isa = PBXNativeTarget;
			buildConfigurationList = 842D6CA319B18479008CFCFD /* Build configuration list for PBXNativeTarget "Incrediband" */;
			buildPhases = (
				842D6C8119B18478008CFCFD /* Sources */,
				842D6C8219B18478008CFCFD /* Frameworks */,
				842D6C8319B18478008CFCFD /* Resources */,
			);
			buildRules = (
			);
			dependencies = (
			);
			name = Incrediband;
			productName = Incrediband;
			productReference = 842D6C8519B18478008CFCFD /* Incrediband.app */;
			productType = "com.apple.product-type.application";
		};
		842D6C9819B18478008CFCFD /* IncredibandTests */ = {
			isa = PBXNativeTarget;
			buildConfigurationList = 842D6CA619B18479008CFCFD /* Build configuration list for PBXNativeTarget "IncredibandTests" */;
			buildPhases = (
				842D6C9519B18478008CFCFD /* Sources */,
				842D6C9619B18478008CFCFD /* Frameworks */,
				842D6C9719B18478008CFCFD /* Resources */,
			);
			buildRules = (
			);
			dependencies = (
				842D6C9B19B18478008CFCFD /* PBXTargetDependency */,
			);
			name = IncredibandTests;
			productName = IncredibandTests;
			productReference = 842D6C9919B18478008CFCFD /* IncredibandTests.xctest */;
			productType = "com.apple.product-type.bundle.unit-test";
		};
/* End PBXNativeTarget section */

/* Begin PBXProject section */
		842D6C7D19B18478008CFCFD /* Project object */ = {
			isa = PBXProject;
			attributes = {
				LastUpgradeCheck = 0600;
				ORGANIZATIONNAME = "Incrediband, Inc.";
				TargetAttributes = {
					842D6C8419B18478008CFCFD = {
						CreatedOnToolsVersion = 6.0;
						DevelopmentTeam = NVP9B3H6T7;
					};
					842D6C9819B18478008CFCFD = {
						CreatedOnToolsVersion = 6.0;
						TestTargetID = 842D6C8419B18478008CFCFD;
					};
				};
			};
			buildConfigurationList = 842D6C8019B18478008CFCFD /* Build configuration list for PBXProject "Incrediband" */;
			compatibilityVersion = "Xcode 3.2";
			developmentRegion = English;
			hasScannedForEncodings = 0;
			knownRegions = (
				en,
				Base,
			);
			mainGroup = 842D6C7C19B18478008CFCFD;
			productRefGroup = 842D6C8619B18478008CFCFD /* Products */;
			projectDirPath = "";
			projectRoot = "";
			targets = (
				842D6C8419B18478008CFCFD /* Incrediband */,
				842D6C9819B18478008CFCFD /* IncredibandTests */,
			);
		};
/* End PBXProject section */

/* Begin PBXResourcesBuildPhase section */
		842D6C8319B18478008CFCFD /* Resources */ = {
			isa = PBXResourcesBuildPhase;
			buildActionMask = 2147483647;
			files = (
				842D6C9219B18478008CFCFD /* Main.storyboard in Resources */,
				842D6C9419B18478008CFCFD /* Images.xcassets in Resources */,
			);
			runOnlyForDeploymentPostprocessing = 0;
		};
		842D6C9719B18478008CFCFD /* Resources */ = {
			isa = PBXResourcesBuildPhase;
			buildActionMask = 2147483647;
			files = (
			);
			runOnlyForDeploymentPostprocessing = 0;
		};
/* End PBXResourcesBuildPhase section */

/* Begin PBXSourcesBuildPhase section */
		842D6C8119B18478008CFCFD /* Sources */ = {
			isa = PBXSourcesBuildPhase;
			buildActionMask = 2147483647;
			files = (
				842D6C8F19B18478008CFCFD /* SecondViewController.swift in Sources */,
				842D6C8B19B18478008CFCFD /* AppDelegate.swift in Sources */,
				8460518219B4BFDF0040F518 /* IncredibandModel.swift in Sources */,
				84CA2DB319B6A6E000777BEA /* WhatInstrumentViewController.swift in Sources */,
				8460518419B4C7F20040F518 /* WelcomeFBViewController.swift in Sources */,
				8460516119B18E550040F518 /* ThirdViewController.swift in Sources */,
				842D6C8D19B18478008CFCFD /* FirstViewController.swift in Sources */,
			);
			runOnlyForDeploymentPostprocessing = 0;
		};
		842D6C9519B18478008CFCFD /* Sources */ = {
			isa = PBXSourcesBuildPhase;
			buildActionMask = 2147483647;
			files = (
				842D6CA019B18479008CFCFD /* IncredibandTests.swift in Sources */,
			);
			runOnlyForDeploymentPostprocessing = 0;
		};
/* End PBXSourcesBuildPhase section */

/* Begin PBXTargetDependency section */
		842D6C9B19B18478008CFCFD /* PBXTargetDependency */ = {
			isa = PBXTargetDependency;
			target = 842D6C8419B18478008CFCFD /* Incrediband */;
			targetProxy = 842D6C9A19B18478008CFCFD /* PBXContainerItemProxy */;
		};
/* End PBXTargetDependency section */

/* Begin PBXVariantGroup section */
		842D6C9019B18478008CFCFD /* Main.storyboard */ = {
			isa = PBXVariantGroup;
			children = (
				842D6C9119B18478008CFCFD /* Base */,
			);
			name = Main.storyboard;
			sourceTree = "<group>";
		};
/* End PBXVariantGroup section */

/* Begin XCBuildConfiguration section */
		842D6CA119B18479008CFCFD /* Debug */ = {
			isa = XCBuildConfiguration;
			buildSettings = {
				ALWAYS_SEARCH_USER_PATHS = NO;
				CLANG_CXX_LANGUAGE_STANDARD = "gnu++0x";
				CLANG_CXX_LIBRARY = "libc++";
				CLANG_ENABLE_MODULES = YES;
				CLANG_ENABLE_OBJC_ARC = YES;
				CLANG_WARN_BOOL_CONVERSION = YES;
				CLANG_WARN_CONSTANT_CONVERSION = YES;
				CLANG_WARN_DIRECT_OBJC_ISA_USAGE = YES_ERROR;
				CLANG_WARN_EMPTY_BODY = YES;
				CLANG_WARN_ENUM_CONVERSION = YES;
				CLANG_WARN_INT_CONVERSION = YES;
				CLANG_WARN_OBJC_ROOT_CLASS = YES_ERROR;
				CLANG_WARN_UNREACHABLE_CODE = YES;
				CLANG_WARN__DUPLICATE_METHOD_MATCH = YES;
				"CODE_SIGN_IDENTITY[sdk=iphoneos*]" = "iPhone Developer";
				COPY_PHASE_STRIP = NO;
				ENABLE_STRICT_OBJC_MSGSEND = YES;
				GCC_C_LANGUAGE_STANDARD = gnu99;
				GCC_DYNAMIC_NO_PIC = NO;
				GCC_OPTIMIZATION_LEVEL = 0;
				GCC_PREPROCESSOR_DEFINITIONS = (
					"DEBUG=1",
					"$(inherited)",
				);
				GCC_SYMBOLS_PRIVATE_EXTERN = NO;
				GCC_WARN_64_TO_32_BIT_CONVERSION = YES;
				GCC_WARN_ABOUT_RETURN_TYPE = YES_ERROR;
				GCC_WARN_UNDECLARED_SELECTOR = YES;
				GCC_WARN_UNINITIALIZED_AUTOS = YES_AGGRESSIVE;
				GCC_WARN_UNUSED_FUNCTION = YES;
				GCC_WARN_UNUSED_VARIABLE = YES;
				IPHONEOS_DEPLOYMENT_TARGET = 8.0;
				MTL_ENABLE_DEBUG_INFO = YES;
				ONLY_ACTIVE_ARCH = YES;
				SDKROOT = iphoneos;
				SWIFT_OPTIMIZATION_LEVEL = "-Onone";
			};
			name = Debug;
		};
		842D6CA219B18479008CFCFD /* Release */ = {
			isa = XCBuildConfiguration;
			buildSettings = {
				ALWAYS_SEARCH_USER_PATHS = NO;
				CLANG_CXX_LANGUAGE_STANDARD = "gnu++0x";
				CLANG_CXX_LIBRARY = "libc++";
				CLANG_ENABLE_MODULES = YES;
				CLANG_ENABLE_OBJC_ARC = YES;
				CLANG_WARN_BOOL_CONVERSION = YES;
				CLANG_WARN_CONSTANT_CONVERSION = YES;
				CLANG_WARN_DIRECT_OBJC_ISA_USAGE = YES_ERROR;
				CLANG_WARN_EMPTY_BODY = YES;
				CLANG_WARN_ENUM_CONVERSION = YES;
				CLANG_WARN_INT_CONVERSION = YES;
				CLANG_WARN_OBJC_ROOT_CLASS = YES_ERROR;
				CLANG_WARN_UNREACHABLE_CODE = YES;
				CLANG_WARN__DUPLICATE_METHOD_MATCH = YES;
				"CODE_SIGN_IDENTITY[sdk=iphoneos*]" = "iPhone Developer";
				COPY_PHASE_STRIP = YES;
				ENABLE_NS_ASSERTIONS = NO;
				ENABLE_STRICT_OBJC_MSGSEND = YES;
				GCC_C_LANGUAGE_STANDARD = gnu99;
				GCC_WARN_64_TO_32_BIT_CONVERSION = YES;
				GCC_WARN_ABOUT_RETURN_TYPE = YES_ERROR;
				GCC_WARN_UNDECLARED_SELECTOR = YES;
				GCC_WARN_UNINITIALIZED_AUTOS = YES_AGGRESSIVE;
				GCC_WARN_UNUSED_FUNCTION = YES;
				GCC_WARN_UNUSED_VARIABLE = YES;
				IPHONEOS_DEPLOYMENT_TARGET = 8.0;
				MTL_ENABLE_DEBUG_INFO = NO;
				SDKROOT = iphoneos;
				VALIDATE_PRODUCT = YES;
			};
			name = Release;
		};
		842D6CA419B18479008CFCFD /* Debug */ = {
			isa = XCBuildConfiguration;
			buildSettings = {
				ASSETCATALOG_COMPILER_APPICON_NAME = AppIcon;
				ASSETCATALOG_COMPILER_LAUNCHIMAGE_NAME = LaunchImage;
				CLANG_ENABLE_MODULES = YES;
				CODE_SIGN_IDENTITY = "iPhone Developer";
				"CODE_SIGN_IDENTITY[sdk=iphoneos*]" = "iPhone Developer";
				FRAMEWORK_SEARCH_PATHS = (
					"$(inherited)",
					"/Users/ajaywaghray/Downloads/parse-library-1.2.21",
					/Users/ajaywaghray/Documents/FacebookSDK,
				);
				INFOPLIST_FILE = Incrediband/Info.plist;
				IPHONEOS_DEPLOYMENT_TARGET = 7.1;
				LD_RUNPATH_SEARCH_PATHS = "$(inherited) @executable_path/Frameworks";
				PRODUCT_NAME = "$(TARGET_NAME)";
				PROVISIONING_PROFILE = "";
				SWIFT_OBJC_BRIDGING_HEADER = "Incrediband-Bridging-Header.h";
				SWIFT_OPTIMIZATION_LEVEL = "-Onone";
			};
			name = Debug;
		};
		842D6CA519B18479008CFCFD /* Release */ = {
			isa = XCBuildConfiguration;
			buildSettings = {
				ASSETCATALOG_COMPILER_APPICON_NAME = AppIcon;
				ASSETCATALOG_COMPILER_LAUNCHIMAGE_NAME = LaunchImage;
				CLANG_ENABLE_MODULES = YES;
				CODE_SIGN_IDENTITY = "iPhone Developer";
				"CODE_SIGN_IDENTITY[sdk=iphoneos*]" = "iPhone Developer";
				FRAMEWORK_SEARCH_PATHS = (
					"$(inherited)",
					"/Users/ajaywaghray/Downloads/parse-library-1.2.21",
					/Users/ajaywaghray/Documents/FacebookSDK,
				);
				INFOPLIST_FILE = Incrediband/Info.plist;
				IPHONEOS_DEPLOYMENT_TARGET = 7.1;
				LD_RUNPATH_SEARCH_PATHS = "$(inherited) @executable_path/Frameworks";
				PRODUCT_NAME = "$(TARGET_NAME)";
				PROVISIONING_PROFILE = "";
				SWIFT_OBJC_BRIDGING_HEADER = "Incrediband-Bridging-Header.h";
			};
			name = Release;
		};
		842D6CA719B18479008CFCFD /* Debug */ = {
			isa = XCBuildConfiguration;
			buildSettings = {
				BUNDLE_LOADER = "$(TEST_HOST)";
				FRAMEWORK_SEARCH_PATHS = (
					"$(SDKROOT)/Developer/Library/Frameworks",
					"$(inherited)",
				);
				GCC_PREPROCESSOR_DEFINITIONS = (
					"DEBUG=1",
					"$(inherited)",
				);
				INFOPLIST_FILE = IncredibandTests/Info.plist;
				LD_RUNPATH_SEARCH_PATHS = "$(inherited) @executable_path/Frameworks @loader_path/Frameworks";
				PRODUCT_NAME = "$(TARGET_NAME)";
				TEST_HOST = "$(BUILT_PRODUCTS_DIR)/Incrediband.app/Incrediband";
			};
			name = Debug;
		};
		842D6CA819B18479008CFCFD /* Release */ = {
			isa = XCBuildConfiguration;
			buildSettings = {
				BUNDLE_LOADER = "$(TEST_HOST)";
				FRAMEWORK_SEARCH_PATHS = (
					"$(SDKROOT)/Developer/Library/Frameworks",
					"$(inherited)",
				);
				INFOPLIST_FILE = IncredibandTests/Info.plist;
				LD_RUNPATH_SEARCH_PATHS = "$(inherited) @executable_path/Frameworks @loader_path/Frameworks";
				PRODUCT_NAME = "$(TARGET_NAME)";
				TEST_HOST = "$(BUILT_PRODUCTS_DIR)/Incrediband.app/Incrediband";
			};
			name = Release;
		};
/* End XCBuildConfiguration section */

/* Begin XCConfigurationList section */
		842D6C8019B18478008CFCFD /* Build configuration list for PBXProject "Incrediband" */ = {
			isa = XCConfigurationList;
			buildConfigurations = (
				842D6CA119B18479008CFCFD /* Debug */,
				842D6CA219B18479008CFCFD /* Release */,
			);
			defaultConfigurationIsVisible = 0;
			defaultConfigurationName = Release;
		};
		842D6CA319B18479008CFCFD /* Build configuration list for PBXNativeTarget "Incrediband" */ = {
			isa = XCConfigurationList;
			buildConfigurations = (
				842D6CA419B18479008CFCFD /* Debug */,
				842D6CA519B18479008CFCFD /* Release */,
			);
			defaultConfigurationIsVisible = 0;
			defaultConfigurationName = Release;
		};
		842D6CA619B18479008CFCFD /* Build configuration list for PBXNativeTarget "IncredibandTests" */ = {
			isa = XCConfigurationList;
			buildConfigurations = (
				842D6CA719B18479008CFCFD /* Debug */,
				842D6CA819B18479008CFCFD /* Release */,
			);
			defaultConfigurationIsVisible = 0;
			defaultConfigurationName = Release;
		};
/* End XCConfigurationList section */
	};
	rootObject = 842D6C7D19B18478008CFCFD /* Project object */;
}
